{
  "name": "sdk-contract-tests",
  "version": "1.0.0",
  "lockfileVersion": 3,
  "requires": true,
  "packages": {
    "": {
      "name": "sdk-contract-tests",
      "version": "1.0.0",
      "license": "ISC",
      "dependencies": {
        "@gpt-platform/client": "^1.2.0"
      }
    },
    "node_modules/@gpt-platform/client": {
      "version": "1.2.0",
      "resolved": "https://registry.npmjs.org/@gpt-platform/client/-/client-1.2.0.tgz",
      "integrity": "sha512-qHvmNepf3QlKjWltNDNbkQUljIDBi8zrzfUmrbYpwP++rgp4lG2YEeIPvaZ7Mn8I2R7rlWbM/OJ/J0r1lh4vBA==",
      "dependencies": {
        "json-logic-js": "^2.0.5",
        "zod": "^3.25.76"
      },
      "engines": {
        "node": ">=20"
      }
    },
    "node_modules/json-logic-js": {
      "version": "2.0.5",
      "resolved": "https://registry.npmjs.org/json-logic-js/-/json-logic-js-2.0.5.tgz",
      "integrity": "sha512-rTT2+lqcuUmj4DgWfmzupZqQDA64AdmYqizzMPWj3DxGdfFNsxPpcNVSaTj4l8W2tG/+hg7/mQhxjU3aPacO6g=="
    },
    "node_modules/zod": {
      "version": "3.25.76",
      "resolved": "https://registry.npmjs.org/zod/-/zod-3.25.76.tgz",
      "integrity": "sha512-gzUt/qt81nXsFGKIFcC3YnfEAx5NkunCfnDlvuBSSFS02bcXu4Lmea0AFIUwbLWxWPx3d9p8S5QoaujKcNQxcQ==",
      "funding": {
        "url": "https://github.com/sponsors/colinhacks"
      }
    }
  }
}
